
Microsoft Visual Studio Solution File, Format Version 12.00
# Visual Studio Version 17
VisualStudioVersion = 17.1.32319.34
MinimumVisualStudioVersion = 10.0.40219.1
Project("{FAE04EC0-301F-11D3-BF4B-00C04F79EFBC}") = "Voltmetr", "Voltmetr\Voltmetr.csproj", "{6E502C72-1CBD-443A-8769-5249F1B62496}"
EndProject
Global
	GlobalSection(SolutionConfigurationPlatforms) = preSolution
		Debug|Any CPU = Debug|Any CPU
		Release|Any CPU = Release|Any CPU
	EndGlobalSection
	GlobalSection(ProjectConfigurationPlatforms) = postSolution
		{6E502C72-1CBD-443A-8769-5249F1B62496}.Debug|Any CPU.ActiveCfg = Debug|Any CPU
		{6E502C72-1CBD-443A-8769-5249F1B62496}.Debug|Any CPU.Build.0 = Debug|Any CPU
		{6E502C72-1CBD-443A-8769-5249F1B62496}.Release|Any CPU.ActiveCfg = Release|Any CPU
		{6E502C72-1CBD-443A-8769-5249F1B62496}.Release|Any CPU.Build.0 = Release|Any CPU
	EndGlobalSection
	GlobalSection(SolutionProperties) = preSolution
		HideSolutionNode = FALSE
	EndGlobalSection
	GlobalSection(ExtensibilityGlobals) = postSolution
		SolutionGuid = {2C82D5D0-5112-4A9F-BC1F-1A71648610C1}
	EndGlobalSection
EndGlobal
